
Microsoft Visual Studio Solution File, Format Version 12.00
# Visual Studio Version 17
VisualStudioVersion = 17.11.35219.272
MinimumVisualStudioVersion = 10.0.40219.1
Project("{2150E333-8FDC-42A3-9474-1A3956D46DE8}") = "Services", "Services", "{62A23F10-5A09-4C62-88DC-1D5C1B8BA2E1}"
EndProject
Project("{2150E333-8FDC-42A3-9474-1A3956D46DE8}") = "Catalog", "Catalog", "{9D504C1E-17EA-4B52-8872-DBF5179EBCE3}"
EndProject
Project("{FAE04EC0-301F-11D3-BF4B-00C04F79EFBC}") = "Catalog.API", "Services\Catalog\Catalog.API\Catalog.API.csproj", "{FA0170AC-F174-4F79-901C-27D91A26A144}"
EndProject
Project("{2150E333-8FDC-42A3-9474-1A3956D46DE8}") = "BuildingBlocks", "BuildingBlocks", "{FAEBA8A5-06A3-4B92-BCE2-95485C2F5145}"
EndProject
Project("{FAE04EC0-301F-11D3-BF4B-00C04F79EFBC}") = "BuildingBlocks", "BuildingBlocks\BuildingBlocks\BuildingBlocks.csproj", "{DEC84F11-0516-42C5-91B5-29035889FB0E}"
EndProject
Project("{E53339B2-1760-4266-BCC7-CA923CBCF16C}") = "docker-compose", "docker-compose.dcproj", "{198FA513-89A1-4583-A3CE-0758FC6BC740}"
EndProject
Project("{2150E333-8FDC-42A3-9474-1A3956D46DE8}") = "Basket", "Basket", "{00FB7569-0EC4-406F-8B57-35614AA61E0C}"
EndProject
Project("{FAE04EC0-301F-11D3-BF4B-00C04F79EFBC}") = "Basket.API", "Services\Basket\Basket.API\Basket.API.csproj", "{8D7799F4-F563-4AA8-A2CB-4BDFBC6566D6}"
EndProject
Project("{2150E333-8FDC-42A3-9474-1A3956D46DE8}") = "Discount", "Discount", "{5685484F-EBD3-43CD-9B29-4DA9741582B9}"
EndProject
Project("{FAE04EC0-301F-11D3-BF4B-00C04F79EFBC}") = "Discount.Grpc", "Services\Discount\Discount.Grpc\Discount.Grpc.csproj", "{B17A311B-63B6-4761-BE41-FE5C59597EC2}"
EndProject
Global
	GlobalSection(SolutionConfigurationPlatforms) = preSolution
		Debug|Any CPU = Debug|Any CPU
		Release|Any CPU = Release|Any CPU
	EndGlobalSection
	GlobalSection(ProjectConfigurationPlatforms) = postSolution
		{FA0170AC-F174-4F79-901C-27D91A26A144}.Debug|Any CPU.ActiveCfg = Debug|Any CPU
		{FA0170AC-F174-4F79-901C-27D91A26A144}.Debug|Any CPU.Build.0 = Debug|Any CPU
		{FA0170AC-F174-4F79-901C-27D91A26A144}.Release|Any CPU.ActiveCfg = Release|Any CPU
		{FA0170AC-F174-4F79-901C-27D91A26A144}.Release|Any CPU.Build.0 = Release|Any CPU
		{DEC84F11-0516-42C5-91B5-29035889FB0E}.Debug|Any CPU.ActiveCfg = Debug|Any CPU
		{DEC84F11-0516-42C5-91B5-29035889FB0E}.Debug|Any CPU.Build.0 = Debug|Any CPU
		{DEC84F11-0516-42C5-91B5-29035889FB0E}.Release|Any CPU.ActiveCfg = Release|Any CPU
		{DEC84F11-0516-42C5-91B5-29035889FB0E}.Release|Any CPU.Build.0 = Release|Any CPU
		{198FA513-89A1-4583-A3CE-0758FC6BC740}.Debug|Any CPU.ActiveCfg = Debug|Any CPU
		{198FA513-89A1-4583-A3CE-0758FC6BC740}.Debug|Any CPU.Build.0 = Debug|Any CPU
		{198FA513-89A1-4583-A3CE-0758FC6BC740}.Release|Any CPU.ActiveCfg = Release|Any CPU
		{198FA513-89A1-4583-A3CE-0758FC6BC740}.Release|Any CPU.Build.0 = Release|Any CPU
		{8D7799F4-F563-4AA8-A2CB-4BDFBC6566D6}.Debug|Any CPU.ActiveCfg = Debug|Any CPU
		{8D7799F4-F563-4AA8-A2CB-4BDFBC6566D6}.Debug|Any CPU.Build.0 = Debug|Any CPU
		{8D7799F4-F563-4AA8-A2CB-4BDFBC6566D6}.Release|Any CPU.ActiveCfg = Release|Any CPU
		{8D7799F4-F563-4AA8-A2CB-4BDFBC6566D6}.Release|Any CPU.Build.0 = Release|Any CPU
		{B17A311B-63B6-4761-BE41-FE5C59597EC2}.Debug|Any CPU.ActiveCfg = Debug|Any CPU
		{B17A311B-63B6-4761-BE41-FE5C59597EC2}.Debug|Any CPU.Build.0 = Debug|Any CPU
		{B17A311B-63B6-4761-BE41-FE5C59597EC2}.Release|Any CPU.ActiveCfg = Release|Any CPU
		{B17A311B-63B6-4761-BE41-FE5C59597EC2}.Release|Any CPU.Build.0 = Release|Any CPU
	EndGlobalSection
	GlobalSection(SolutionProperties) = preSolution
		HideSolutionNode = FALSE
	EndGlobalSection
	GlobalSection(NestedProjects) = preSolution
		{9D504C1E-17EA-4B52-8872-DBF5179EBCE3} = {62A23F10-5A09-4C62-88DC-1D5C1B8BA2E1}
		{FA0170AC-F174-4F79-901C-27D91A26A144} = {9D504C1E-17EA-4B52-8872-DBF5179EBCE3}
		{DEC84F11-0516-42C5-91B5-29035889FB0E} = {FAEBA8A5-06A3-4B92-BCE2-95485C2F5145}
		{00FB7569-0EC4-406F-8B57-35614AA61E0C} = {62A23F10-5A09-4C62-88DC-1D5C1B8BA2E1}
		{8D7799F4-F563-4AA8-A2CB-4BDFBC6566D6} = {00FB7569-0EC4-406F-8B57-35614AA61E0C}
		{5685484F-EBD3-43CD-9B29-4DA9741582B9} = {62A23F10-5A09-4C62-88DC-1D5C1B8BA2E1}
		{B17A311B-63B6-4761-BE41-FE5C59597EC2} = {5685484F-EBD3-43CD-9B29-4DA9741582B9}
	EndGlobalSection
	GlobalSection(ExtensibilityGlobals) = postSolution
		SolutionGuid = {608479D0-B777-4774-935B-D339F31D39CD}
	EndGlobalSection
EndGlobal
